// !$*UTF8*$!
{
	archiveVersion = 1;
	classes = {
	};
	objectVersion = 56;
	objects = {

/* Begin PBXBuildFile section */
		48649A632B9C403A009F6F5C /* AppDelegate.swift in Sources */ = {isa = PBXBuildFile; fileRef = 48649A622B9C403A009F6F5C /* AppDelegate.swift */; };
		48649A652B9C403A009F6F5C /* SceneDelegate.swift in Sources */ = {isa = PBXBuildFile; fileRef = 48649A642B9C403A009F6F5C /* SceneDelegate.swift */; };
		48649A672B9C403A009F6F5C /* BreedListViewController.swift in Sources */ = {isa = PBXBuildFile; fileRef = 48649A662B9C403A009F6F5C /* BreedListViewController.swift */; };
		48649A6A2B9C403A009F6F5C /* Main.storyboard in Resources */ = {isa = PBXBuildFile; fileRef = 48649A682B9C403A009F6F5C /* Main.storyboard */; };
		48649A6C2B9C403C009F6F5C /* Assets.xcassets in Resources */ = {isa = PBXBuildFile; fileRef = 48649A6B2B9C403C009F6F5C /* Assets.xcassets */; };
		48649A6F2B9C403C009F6F5C /* LaunchScreen.storyboard in Resources */ = {isa = PBXBuildFile; fileRef = 48649A6D2B9C403C009F6F5C /* LaunchScreen.storyboard */; };
		48649A772B9C444C009F6F5C /* BreedName.swift in Sources */ = {isa = PBXBuildFile; fileRef = 48649A762B9C444B009F6F5C /* BreedName.swift */; };
		48649A7C2B9C5DAE009F6F5C /* BreedImagesViewController.swift in Sources */ = {isa = PBXBuildFile; fileRef = 48649A7B2B9C5DAE009F6F5C /* BreedImagesViewController.swift */; };
		48649A802B9C64A5009F6F5C /* BreedImageCollectionViewCell.swift in Sources */ = {isa = PBXBuildFile; fileRef = 48649A7F2B9C64A5009F6F5C /* BreedImageCollectionViewCell.swift */; };
		48649A822B9C665C009F6F5C /* Extensions.swift in Sources */ = {isa = PBXBuildFile; fileRef = 48649A812B9C665C009F6F5C /* Extensions.swift */; };
/* End PBXBuildFile section */

/* Begin PBXFileReference section */
		48649A5F2B9C403A009F6F5C /* Find Your Dog.app */ = {isa = PBXFileReference; explicitFileType = wrapper.application; includeInIndex = 0; path = "Find Your Dog.app"; sourceTree = BUILT_PRODUCTS_DIR; };
		48649A622B9C403A009F6F5C /* AppDelegate.swift */ = {isa = PBXFileReference; lastKnownFileType = sourcecode.swift; path = AppDelegate.swift; sourceTree = "<group>"; };
		48649A642B9C403A009F6F5C /* SceneDelegate.swift */ = {isa = PBXFileReference; lastKnownFileType = sourcecode.swift; path = SceneDelegate.swift; sourceTree = "<group>"; };
		48649A662B9C403A009F6F5C /* BreedListViewController.swift */ = {isa = PBXFileReference; lastKnownFileType = sourcecode.swift; path = BreedListViewController.swift; sourceTree = "<group>"; };
		48649A692B9C403A009F6F5C /* Base */ = {isa = PBXFileReference; lastKnownFileType = file.storyboard; name = Base; path = Base.lproj/Main.storyboard; sourceTree = "<group>"; };
		48649A6B2B9C403C009F6F5C /* Assets.xcassets */ = {isa = PBXFileReference; lastKnownFileType = folder.assetcatalog; path = Assets.xcassets; sourceTree = "<group>"; };
		48649A6E2B9C403C009F6F5C /* Base */ = {isa = PBXFileReference; lastKnownFileType = file.storyboard; name = Base; path = Base.lproj/LaunchScreen.storyboard; sourceTree = "<group>"; };
		48649A702B9C403C009F6F5C /* Info.plist */ = {isa = PBXFileReference; lastKnownFileType = text.plist.xml; path = Info.plist; sourceTree = "<group>"; };
		48649A762B9C444B009F6F5C /* BreedName.swift */ = {isa = PBXFileReference; lastKnownFileType = sourcecode.swift; path = BreedName.swift; sourceTree = "<group>"; };
		48649A7B2B9C5DAE009F6F5C /* BreedImagesViewController.swift */ = {isa = PBXFileReference; lastKnownFileType = sourcecode.swift; path = BreedImagesViewController.swift; sourceTree = "<group>"; };
		48649A7F2B9C64A5009F6F5C /* BreedImageCollectionViewCell.swift */ = {isa = PBXFileReference; lastKnownFileType = sourcecode.swift; path = BreedImageCollectionViewCell.swift; sourceTree = "<group>"; };
		48649A812B9C665C009F6F5C /* Extensions.swift */ = {isa = PBXFileReference; lastKnownFileType = sourcecode.swift; path = Extensions.swift; sourceTree = "<group>"; };
/* End PBXFileReference section */

/* Begin PBXFrameworksBuildPhase section */
		48649A5C2B9C403A009F6F5C /* Frameworks */ = {
			isa = PBXFrameworksBuildPhase;
			buildActionMask = 2147483647;
			files = (
			);
			runOnlyForDeploymentPostprocessing = 0;
		};
/* End PBXFrameworksBuildPhase section */

/* Begin PBXGroup section */
		48649A562B9C403A009F6F5C = {
			isa = PBXGroup;
			children = (
				48649A612B9C403A009F6F5C /* Find Your Dog */,
				48649A602B9C403A009F6F5C /* Products */,
			);
			sourceTree = "<group>";
		};
		48649A602B9C403A009F6F5C /* Products */ = {
			isa = PBXGroup;
			children = (
				48649A5F2B9C403A009F6F5C /* Find Your Dog.app */,
			);
			name = Products;
			sourceTree = "<group>";
		};
		48649A612B9C403A009F6F5C /* Find Your Dog */ = {
			isa = PBXGroup;
			children = (
				48649A622B9C403A009F6F5C /* AppDelegate.swift */,
				48649A642B9C403A009F6F5C /* SceneDelegate.swift */,
				48649A662B9C403A009F6F5C /* BreedListViewController.swift */,
				48649A7B2B9C5DAE009F6F5C /* BreedImagesViewController.swift */,
				48649A7F2B9C64A5009F6F5C /* BreedImageCollectionViewCell.swift */,
				48649A812B9C665C009F6F5C /* Extensions.swift */,
				48649A782B9C4467009F6F5C /* Model */,
				48649A682B9C403A009F6F5C /* Main.storyboard */,
				48649A6B2B9C403C009F6F5C /* Assets.xcassets */,
				48649A6D2B9C403C009F6F5C /* LaunchScreen.storyboard */,
				48649A702B9C403C009F6F5C /* Info.plist */,
			);
			path = "Find Your Dog";
			sourceTree = "<group>";
		};
		48649A782B9C4467009F6F5C /* Model */ = {
			isa = PBXGroup;
			children = (
				48649A762B9C444B009F6F5C /* BreedName.swift */,
			);
			path = Model;
			sourceTree = "<group>";
		};
/* End PBXGroup section */

/* Begin PBXNativeTarget section */
		48649A5E2B9C403A009F6F5C /* Find Your Dog */ = {
			isa = PBXNativeTarget;
			buildConfigurationList = 48649A732B9C403C009F6F5C /* Build configuration list for PBXNativeTarget "Find Your Dog" */;
			buildPhases = (
				48649A5B2B9C403A009F6F5C /* Sources */,
				48649A5C2B9C403A009F6F5C /* Frameworks */,
				48649A5D2B9C403A009F6F5C /* Resources */,
			);
			buildRules = (
			);
			dependencies = (
			);
			name = "Find Your Dog";
			productName = "Find Your Dog";
			productReference = 48649A5F2B9C403A009F6F5C /* Find Your Dog.app */;
			productType = "com.apple.product-type.application";
		};
/* End PBXNativeTarget section */

/* Begin PBXProject section */
		48649A572B9C403A009F6F5C /* Project object */ = {
			isa = PBXProject;
			attributes = {
				BuildIndependentTargetsInParallel = 1;
				LastSwiftUpdateCheck = 1520;
				LastUpgradeCheck = 1520;
				TargetAttributes = {
					48649A5E2B9C403A009F6F5C = {
						CreatedOnToolsVersion = 15.2;
					};
				};
			};
			buildConfigurationList = 48649A5A2B9C403A009F6F5C /* Build configuration list for PBXProject "Find Your Dog" */;
			compatibilityVersion = "Xcode 14.0";
			developmentRegion = en;
			hasScannedForEncodings = 0;
			knownRegions = (
				en,
				Base,
			);
			mainGroup = 48649A562B9C403A009F6F5C;
			productRefGroup = 48649A602B9C403A009F6F5C /* Products */;
			projectDirPath = "";
			projectRoot = "";
			targets = (
				48649A5E2B9C403A009F6F5C /* Find Your Dog */,
			);
		};
/* End PBXProject section */

/* Begin PBXResourcesBuildPhase section */
		48649A5D2B9C403A009F6F5C /* Resources */ = {
			isa = PBXResourcesBuildPhase;
			buildActionMask = 2147483647;
			files = (
				48649A6F2B9C403C009F6F5C /* LaunchScreen.storyboard in Resources */,
				48649A6C2B9C403C009F6F5C /* Assets.xcassets in Resources */,
				48649A6A2B9C403A009F6F5C /* Main.storyboard in Resources */,
			);
			runOnlyForDeploymentPostprocessing = 0;
		};
/* End PBXResourcesBuildPhase section */

/* Begin PBXSourcesBuildPhase section */
		48649A5B2B9C403A009F6F5C /* Sources */ = {
			isa = PBXSourcesBuildPhase;
			buildActionMask = 2147483647;
			files = (
				48649A7C2B9C5DAE009F6F5C /* BreedImagesViewController.swift in Sources */,
				48649A772B9C444C009F6F5C /* BreedName.swift in Sources */,
				48649A802B9C64A5009F6F5C /* BreedImageCollectionViewCell.swift in Sources */,
				48649A822B9C665C009F6F5C /* Extensions.swift in Sources */,
				48649A672B9C403A009F6F5C /* BreedListViewController.swift in Sources */,
				48649A632B9C403A009F6F5C /* AppDelegate.swift in Sources */,
				48649A652B9C403A009F6F5C /* SceneDelegate.swift in Sources */,
			);
			runOnlyForDeploymentPostprocessing = 0;
		};
/* End PBXSourcesBuildPhase section */

/* Begin PBXVariantGroup section */
		48649A682B9C403A009F6F5C /* Main.storyboard */ = {
			isa = PBXVariantGroup;
			children = (
				48649A692B9C403A009F6F5C /* Base */,
			);
			name = Main.storyboard;
			sourceTree = "<group>";
		};
		48649A6D2B9C403C009F6F5C /* LaunchScreen.storyboard */ = {
			isa = PBXVariantGroup;
			children = (
				48649A6E2B9C403C009F6F5C /* Base */,
			);
			name = LaunchScreen.storyboard;
			sourceTree = "<group>";
		};
/* End PBXVariantGroup section */

/* Begin XCBuildConfiguration section */
		48649A712B9C403C009F6F5C /* Debug */ = {
			isa = XCBuildConfiguration;
			buildSettings = {
				ALWAYS_SEARCH_USER_PATHS = NO;
				ASSETCATALOG_COMPILER_GENERATE_SWIFT_ASSET_SYMBOL_EXTENSIONS = YES;
				CLANG_ANALYZER_NONNULL = YES;
				CLANG_ANALYZER_NUMBER_OBJECT_CONVERSION = YES_AGGRESSIVE;
				CLANG_CXX_LANGUAGE_STANDARD = "gnu++20";
				CLANG_ENABLE_MODULES = YES;
				CLANG_ENABLE_OBJC_ARC = YES;
				CLANG_ENABLE_OBJC_WEAK = YES;
				CLANG_WARN_BLOCK_CAPTURE_AUTORELEASING = YES;
				CLANG_WARN_BOOL_CONVERSION = YES;
				CLANG_WARN_COMMA = YES;
				CLANG_WARN_CONSTANT_CONVERSION = YES;
				CLANG_WARN_DEPRECATED_OBJC_IMPLEMENTATIONS = YES;
				CLANG_WARN_DIRECT_OBJC_ISA_USAGE = YES_ERROR;
				CLANG_WARN_DOCUMENTATION_COMMENTS = YES;
				CLANG_WARN_EMPTY_BODY = YES;
				CLANG_WARN_ENUM_CONVERSION = YES;
				CLANG_WARN_INFINITE_RECURSION = YES;
				CLANG_WARN_INT_CONVERSION = YES;
				CLANG_WARN_NON_LITERAL_NULL_CONVERSION = YES;
				CLANG_WARN_OBJC_IMPLICIT_RETAIN_SELF = YES;
				CLANG_WARN_OBJC_LITERAL_CONVERSION = YES;
				CLANG_WARN_OBJC_ROOT_CLASS = YES_ERROR;
				CLANG_WARN_QUOTED_INCLUDE_IN_FRAMEWORK_HEADER = YES;
				CLANG_WARN_RANGE_LOOP_ANALYSIS = YES;
				CLANG_WARN_STRICT_PROTOTYPES = YES;
				CLANG_WARN_SUSPICIOUS_MOVE = YES;
				CLANG_WARN_UNGUARDED_AVAILABILITY = YES_AGGRESSIVE;
				CLANG_WARN_UNREACHABLE_CODE = YES;
				CLANG_WARN__DUPLICATE_METHOD_MATCH = YES;
				COPY_PHASE_STRIP = NO;
				DEBUG_INFORMATION_FORMAT = dwarf;
				ENABLE_STRICT_OBJC_MSGSEND = YES;
				ENABLE_TESTABILITY = YES;
				ENABLE_USER_SCRIPT_SANDBOXING = YES;
				GCC_C_LANGUAGE_STANDARD = gnu17;
				GCC_DYNAMIC_NO_PIC = NO;
				GCC_NO_COMMON_BLOCKS = YES;
				GCC_OPTIMIZATION_LEVEL = 0;
				GCC_PREPROCESSOR_DEFINITIONS = (
					"DEBUG=1",
					"$(inherited)",
				);
				GCC_WARN_64_TO_32_BIT_CONVERSION = YES;
				GCC_WARN_ABOUT_RETURN_TYPE = YES_ERROR;
				GCC_WARN_UNDECLARED_SELECTOR = YES;
				GCC_WARN_UNINITIALIZED_AUTOS = YES_AGGRESSIVE;
				GCC_WARN_UNUSED_FUNCTION = YES;
				GCC_WARN_UNUSED_VARIABLE = YES;
				IPHONEOS_DEPLOYMENT_TARGET = 17.2;
				LOCALIZATION_PREFERS_STRING_CATALOGS = YES;
				MTL_ENABLE_DEBUG_INFO = INCLUDE_SOURCE;
				MTL_FAST_MATH = YES;
				ONLY_ACTIVE_ARCH = YES;
				SDKROOT = iphoneos;
				SWIFT_ACTIVE_COMPILATION_CONDITIONS = "DEBUG $(inherited)";
				SWIFT_OPTIMIZATION_LEVEL = "-Onone";
			};
			name = Debug;
		};
		48649A722B9C403C009F6F5C /* Release */ = {
			isa = XCBuildConfiguration;
			buildSettings = {
				ALWAYS_SEARCH_USER_PATHS = NO;
				ASSETCATALOG_COMPILER_GENERATE_SWIFT_ASSET_SYMBOL_EXTENSIONS = YES;
				CLANG_ANALYZER_NONNULL = YES;
				CLANG_ANALYZER_NUMBER_OBJECT_CONVERSION = YES_AGGRESSIVE;
				CLANG_CXX_LANGUAGE_STANDARD = "gnu++20";
				CLANG_ENABLE_MODULES = YES;
				CLANG_ENABLE_OBJC_ARC = YES;
				CLANG_ENABLE_OBJC_WEAK = YES;
				CLANG_WARN_BLOCK_CAPTURE_AUTORELEASING = YES;
				CLANG_WARN_BOOL_CONVERSION = YES;
				CLANG_WARN_COMMA = YES;
				CLANG_WARN_CONSTANT_CONVERSION = YES;
				CLANG_WARN_DEPRECATED_OBJC_IMPLEMENTATIONS = YES;
				CLANG_WARN_DIRECT_OBJC_ISA_USAGE = YES_ERROR;
				CLANG_WARN_DOCUMENTATION_COMMENTS = YES;
				CLANG_WARN_EMPTY_BODY = YES;
				CLANG_WARN_ENUM_CONVERSION = YES;
				CLANG_WARN_INFINITE_RECURSION = YES;
				CLANG_WARN_INT_CONVERSION = YES;
				CLANG_WARN_NON_LITERAL_NULL_CONVERSION = YES;
				CLANG_WARN_OBJC_IMPLICIT_RETAIN_SELF = YES;
				CLANG_WARN_OBJC_LITERAL_CONVERSION = YES;
				CLANG_WARN_OBJC_ROOT_CLASS = YES_ERROR;
				CLANG_WARN_QUOTED_INCLUDE_IN_FRAMEWORK_HEADER = YES;
				CLANG_WARN_RANGE_LOOP_ANALYSIS = YES;
				CLANG_WARN_STRICT_PROTOTYPES = YES;
				CLANG_WARN_SUSPICIOUS_MOVE = YES;
				CLANG_WARN_UNGUARDED_AVAILABILITY = YES_AGGRESSIVE;
				CLANG_WARN_UNREACHABLE_CODE = YES;
				CLANG_WARN__DUPLICATE_METHOD_MATCH = YES;
				COPY_PHASE_STRIP = NO;
				DEBUG_INFORMATION_FORMAT = "dwarf-with-dsym";
				ENABLE_NS_ASSERTIONS = NO;
				ENABLE_STRICT_OBJC_MSGSEND = YES;
				ENABLE_USER_SCRIPT_SANDBOXING = YES;
				GCC_C_LANGUAGE_STANDARD = gnu17;
				GCC_NO_COMMON_BLOCKS = YES;
				GCC_WARN_64_TO_32_BIT_CONVERSION = YES;
				GCC_WARN_ABOUT_RETURN_TYPE = YES_ERROR;
				GCC_WARN_UNDECLARED_SELECTOR = YES;
				GCC_WARN_UNINITIALIZED_AUTOS = YES_AGGRESSIVE;
				GCC_WARN_UNUSED_FUNCTION = YES;
				GCC_WARN_UNUSED_VARIABLE = YES;
				IPHONEOS_DEPLOYMENT_TARGET = 17.2;
				LOCALIZATION_PREFERS_STRING_CATALOGS = YES;
				MTL_ENABLE_DEBUG_INFO = NO;
				MTL_FAST_MATH = YES;
				SDKROOT = iphoneos;
				SWIFT_COMPILATION_MODE = wholemodule;
				VALIDATE_PRODUCT = YES;
			};
			name = Release;
		};
		48649A742B9C403C009F6F5C /* Debug */ = {
			isa = XCBuildConfiguration;
			buildSettings = {
				ASSETCATALOG_COMPILER_APPICON_NAME = AppIcon;
				ASSETCATALOG_COMPILER_GLOBAL_ACCENT_COLOR_NAME = AccentColor;
				CODE_SIGN_STYLE = Automatic;
				CURRENT_PROJECT_VERSION = 1;
				DEVELOPMENT_TEAM = 63N9M44LL4;
				GENERATE_INFOPLIST_FILE = YES;
				INFOPLIST_FILE = "Find Your Dog/Info.plist";
				INFOPLIST_KEY_UIApplicationSupportsIndirectInputEvents = YES;
				INFOPLIST_KEY_UILaunchStoryboardName = LaunchScreen;
				INFOPLIST_KEY_UIMainStoryboardFile = Main;
				INFOPLIST_KEY_UISupportedInterfaceOrientations_iPad = "UIInterfaceOrientationPortrait UIInterfaceOrientationPortraitUpsideDown UIInterfaceOrientationLandscapeLeft UIInterfaceOrientationLandscapeRight";
				INFOPLIST_KEY_UISupportedInterfaceOrientations_iPhone = "UIInterfaceOrientationPortrait UIInterfaceOrientationLandscapeLeft UIInterfaceOrientationLandscapeRight";
				LD_RUNPATH_SEARCH_PATHS = (
					"$(inherited)",
					"@executable_path/Frameworks",
				);
				MARKETING_VERSION = 1.0;
				PRODUCT_BUNDLE_IDENTIFIER = "com.techie.Find-Your-Dog";
				PRODUCT_NAME = "$(TARGET_NAME)";
				SWIFT_EMIT_LOC_STRINGS = YES;
				SWIFT_VERSION = 5.0;
				TARGETED_DEVICE_FAMILY = "1,2";
			};
			name = Debug;
		};
		48649A752B9C403C009F6F5C /* Release */ = {
			isa = XCBuildConfiguration;
			buildSettings = {
				ASSETCATALOG_COMPILER_APPICON_NAME = AppIcon;
				ASSETCATALOG_COMPILER_GLOBAL_ACCENT_COLOR_NAME = AccentColor;
				CODE_SIGN_STYLE = Automatic;
				CURRENT_PROJECT_VERSION = 1;
				DEVELOPMENT_TEAM = 63N9M44LL4;
				GENERATE_INFOPLIST_FILE = YES;
				INFOPLIST_FILE = "Find Your Dog/Info.plist";
				INFOPLIST_KEY_UIApplicationSupportsIndirectInputEvents = YES;
				INFOPLIST_KEY_UILaunchStoryboardName = LaunchScreen;
				INFOPLIST_KEY_UIMainStoryboardFile = Main;
				INFOPLIST_KEY_UISupportedInterfaceOrientations_iPad = "UIInterfaceOrientationPortrait UIInterfaceOrientationPortraitUpsideDown UIInterfaceOrientationLandscapeLeft UIInterfaceOrientationLandscapeRight";
				INFOPLIST_KEY_UISupportedInterfaceOrientations_iPhone = "UIInterfaceOrientationPortrait UIInterfaceOrientationLandscapeLeft UIInterfaceOrientationLandscapeRight";
				LD_RUNPATH_SEARCH_PATHS = (
					"$(inherited)",
					"@executable_path/Frameworks",
				);
				MARKETING_VERSION = 1.0;
				PRODUCT_BUNDLE_IDENTIFIER = "com.techie.Find-Your-Dog";
				PRODUCT_NAME = "$(TARGET_NAME)";
				SWIFT_EMIT_LOC_STRINGS = YES;
				SWIFT_VERSION = 5.0;
				TARGETED_DEVICE_FAMILY = "1,2";
			};
			name = Release;
		};
/* End XCBuildConfiguration section */

/* Begin XCConfigurationList section */
		48649A5A2B9C403A009F6F5C /* Build configuration list for PBXProject "Find Your Dog" */ = {
			isa = XCConfigurationList;
			buildConfigurations = (
				48649A712B9C403C009F6F5C /* Debug */,
				48649A722B9C403C009F6F5C /* Release */,
			);
			defaultConfigurationIsVisible = 0;
			defaultConfigurationName = Release;
		};
		48649A732B9C403C009F6F5C /* Build configuration list for PBXNativeTarget "Find Your Dog" */ = {
			isa = XCConfigurationList;
			buildConfigurations = (
				48649A742B9C403C009F6F5C /* Debug */,
				48649A752B9C403C009F6F5C /* Release */,
			);
			defaultConfigurationIsVisible = 0;
			defaultConfigurationName = Release;
		};
/* End XCConfigurationList section */
	};
	rootObject = 48649A572B9C403A009F6F5C /* Project object */;
}
